
Microsoft Visual Studio Solution File, Format Version 12.00
# Visual Studio Version 17
VisualStudioVersion = 17.0.31903.59
MinimumVisualStudioVersion = 10.0.40219.1
Project("{2150E333-8FDC-42A3-9474-1A3956D46DE8}") = "src", "src", "{827E0CD3-B72D-47B6-A68D-7590B98EB39B}"
EndProject
Project("{FAE04EC0-301F-11D3-BF4B-00C04F79EFBC}") = "Lucky5.Api", "src\Lucky5.Api\Lucky5.Api.csproj", "{757A2644-D213-4557-A6D3-3634844B51EB}"
EndProject
Project("{FAE04EC0-301F-11D3-BF4B-00C04F79EFBC}") = "Lucky5.Domain", "src\Lucky5.Domain\Lucky5.Domain.csproj", "{7CF7F13B-73E2-42CB-8010-F1A22A333777}"
EndProject
Project("{FAE04EC0-301F-11D3-BF4B-00C04F79EFBC}") = "Lucky5.Application", "src\Lucky5.Application\Lucky5.Application.csproj", "{FC8AC15A-CCE6-468E-8A58-76FE76FC9FA5}"
EndProject
Project("{FAE04EC0-301F-11D3-BF4B-00C04F79EFBC}") = "Lucky5.Infrastructure", "src\Lucky5.Infrastructure\Lucky5.Infrastructure.csproj", "{F5046EF0-E291-4757-A65E-2ADF843C7D92}"
EndProject
Project("{FAE04EC0-301F-11D3-BF4B-00C04F79EFBC}") = "Lucky5.Realtime", "src\Lucky5.Realtime\Lucky5.Realtime.csproj", "{4DA2C78E-61B8-4370-86DF-36B1165AD57B}"
EndProject
Project("{2150E333-8FDC-42A3-9474-1A3956D46DE8}") = "tests", "tests", "{0AB3BF05-4346-4AA6-1389-037BE0695223}"
EndProject
Project("{FAE04EC0-301F-11D3-BF4B-00C04F79EFBC}") = "Lucky5.Tests", "tests\Lucky5.Tests\Lucky5.Tests.csproj", "{047370A7-0E40-42A9-8D12-FE4DE31A25BF}"
EndProject
Global
	GlobalSection(SolutionConfigurationPlatforms) = preSolution
		Debug|Any CPU = Debug|Any CPU
		Debug|x64 = Debug|x64
		Debug|x86 = Debug|x86
		Release|Any CPU = Release|Any CPU
		Release|x64 = Release|x64
		Release|x86 = Release|x86
	EndGlobalSection
	GlobalSection(ProjectConfigurationPlatforms) = postSolution
		{757A2644-D213-4557-A6D3-3634844B51EB}.Debug|Any CPU.ActiveCfg = Debug|Any CPU
		{757A2644-D213-4557-A6D3-3634844B51EB}.Debug|Any CPU.Build.0 = Debug|Any CPU
		{757A2644-D213-4557-A6D3-3634844B51EB}.Debug|x64.ActiveCfg = Debug|Any CPU
		{757A2644-D213-4557-A6D3-3634844B51EB}.Debug|x64.Build.0 = Debug|Any CPU
		{757A2644-D213-4557-A6D3-3634844B51EB}.Debug|x86.ActiveCfg = Debug|Any CPU
		{757A2644-D213-4557-A6D3-3634844B51EB}.Debug|x86.Build.0 = Debug|Any CPU
		{757A2644-D213-4557-A6D3-3634844B51EB}.Release|Any CPU.ActiveCfg = Release|Any CPU
		{757A2644-D213-4557-A6D3-3634844B51EB}.Release|Any CPU.Build.0 = Release|Any CPU
		{757A2644-D213-4557-A6D3-3634844B51EB}.Release|x64.ActiveCfg = Release|Any CPU
		{757A2644-D213-4557-A6D3-3634844B51EB}.Release|x64.Build.0 = Release|Any CPU
		{757A2644-D213-4557-A6D3-3634844B51EB}.Release|x86.ActiveCfg = Release|Any CPU
		{757A2644-D213-4557-A6D3-3634844B51EB}.Release|x86.Build.0 = Release|Any CPU
		{7CF7F13B-73E2-42CB-8010-F1A22A333777}.Debug|Any CPU.ActiveCfg = Debug|Any CPU
		{7CF7F13B-73E2-42CB-8010-F1A22A333777}.Debug|Any CPU.Build.0 = Debug|Any CPU
		{7CF7F13B-73E2-42CB-8010-F1A22A333777}.Debug|x64.ActiveCfg = Debug|Any CPU
		{7CF7F13B-73E2-42CB-8010-F1A22A333777}.Debug|x64.Build.0 = Debug|Any CPU
		{7CF7F13B-73E2-42CB-8010-F1A22A333777}.Debug|x86.ActiveCfg = Debug|Any CPU
		{7CF7F13B-73E2-42CB-8010-F1A22A333777}.Debug|x86.Build.0 = Debug|Any CPU
		{7CF7F13B-73E2-42CB-8010-F1A22A333777}.Release|Any CPU.ActiveCfg = Release|Any CPU
		{7CF7F13B-73E2-42CB-8010-F1A22A333777}.Release|Any CPU.Build.0 = Release|Any CPU
		{7CF7F13B-73E2-42CB-8010-F1A22A333777}.Release|x64.ActiveCfg = Release|Any CPU
		{7CF7F13B-73E2-42CB-8010-F1A22A333777}.Release|x64.Build.0 = Release|Any CPU
		{7CF7F13B-73E2-42CB-8010-F1A22A333777}.Release|x86.ActiveCfg = Release|Any CPU
		{7CF7F13B-73E2-42CB-8010-F1A22A333777}.Release|x86.Build.0 = Release|Any CPU
		{FC8AC15A-CCE6-468E-8A58-76FE76FC9FA5}.Debug|Any CPU.ActiveCfg = Debug|Any CPU
		{FC8AC15A-CCE6-468E-8A58-76FE76FC9FA5}.Debug|Any CPU.Build.0 = Debug|Any CPU
		{FC8AC15A-CCE6-468E-8A58-76FE76FC9FA5}.Debug|x64.ActiveCfg = Debug|Any CPU
		{FC8AC15A-CCE6-468E-8A58-76FE76FC9FA5}.Debug|x64.Build.0 = Debug|Any CPU
		{FC8AC15A-CCE6-468E-8A58-76FE76FC9FA5}.Debug|x86.ActiveCfg = Debug|Any CPU
		{FC8AC15A-CCE6-468E-8A58-76FE76FC9FA5}.Debug|x86.Build.0 = Debug|Any CPU
		{FC8AC15A-CCE6-468E-8A58-76FE76FC9FA5}.Release|Any CPU.ActiveCfg = Release|Any CPU
		{FC8AC15A-CCE6-468E-8A58-76FE76FC9FA5}.Release|Any CPU.Build.0 = Release|Any CPU
		{FC8AC15A-CCE6-468E-8A58-76FE76FC9FA5}.Release|x64.ActiveCfg = Release|Any CPU
		{FC8AC15A-CCE6-468E-8A58-76FE76FC9FA5}.Release|x64.Build.0 = Release|Any CPU
		{FC8AC15A-CCE6-468E-8A58-76FE76FC9FA5}.Release|x86.ActiveCfg = Release|Any CPU
		{FC8AC15A-CCE6-468E-8A58-76FE76FC9FA5}.Release|x86.Build.0 = Release|Any CPU
		{F5046EF0-E291-4757-A65E-2ADF843C7D92}.Debug|Any CPU.ActiveCfg = Debug|Any CPU
		{F5046EF0-E291-4757-A65E-2ADF843C7D92}.Debug|Any CPU.Build.0 = Debug|Any CPU
		{F5046EF0-E291-4757-A65E-2ADF843C7D92}.Debug|x64.ActiveCfg = Debug|Any CPU
		{F5046EF0-E291-4757-A65E-2ADF843C7D92}.Debug|x64.Build.0 = Debug|Any CPU
		{F5046EF0-E291-4757-A65E-2ADF843C7D92}.Debug|x86.ActiveCfg = Debug|Any CPU
		{F5046EF0-E291-4757-A65E-2ADF843C7D92}.Debug|x86.Build.0 = Debug|Any CPU
		{F5046EF0-E291-4757-A65E-2ADF843C7D92}.Release|Any CPU.ActiveCfg = Release|Any CPU
		{F5046EF0-E291-4757-A65E-2ADF843C7D92}.Release|Any CPU.Build.0 = Release|Any CPU
		{F5046EF0-E291-4757-A65E-2ADF843C7D92}.Release|x64.ActiveCfg = Release|Any CPU
		{F5046EF0-E291-4757-A65E-2ADF843C7D92}.Release|x64.Build.0 = Release|Any CPU
		{F5046EF0-E291-4757-A65E-2ADF843C7D92}.Release|x86.ActiveCfg = Release|Any CPU
		{F5046EF0-E291-4757-A65E-2ADF843C7D92}.Release|x86.Build.0 = Release|Any CPU
		{4DA2C78E-61B8-4370-86DF-36B1165AD57B}.Debug|Any CPU.ActiveCfg = Debug|Any CPU
		{4DA2C78E-61B8-4370-86DF-36B1165AD57B}.Debug|Any CPU.Build.0 = Debug|Any CPU
		{4DA2C78E-61B8-4370-86DF-36B1165AD57B}.Debug|x64.ActiveCfg = Debug|Any CPU
		{4DA2C78E-61B8-4370-86DF-36B1165AD57B}.Debug|x64.Build.0 = Debug|Any CPU
		{4DA2C78E-61B8-4370-86DF-36B1165AD57B}.Debug|x86.ActiveCfg = Debug|Any CPU
		{4DA2C78E-61B8-4370-86DF-36B1165AD57B}.Debug|x86.Build.0 = Debug|Any CPU
		{4DA2C78E-61B8-4370-86DF-36B1165AD57B}.Release|Any CPU.ActiveCfg = Release|Any CPU
		{4DA2C78E-61B8-4370-86DF-36B1165AD57B}.Release|Any CPU.Build.0 = Release|Any CPU
		{4DA2C78E-61B8-4370-86DF-36B1165AD57B}.Release|x64.ActiveCfg = Release|Any CPU
		{4DA2C78E-61B8-4370-86DF-36B1165AD57B}.Release|x64.Build.0 = Release|Any CPU
		{4DA2C78E-61B8-4370-86DF-36B1165AD57B}.Release|x86.ActiveCfg = Release|Any CPU
		{4DA2C78E-61B8-4370-86DF-36B1165AD57B}.Release|x86.Build.0 = Release|Any CPU
		{047370A7-0E40-42A9-8D12-FE4DE31A25BF}.Debug|Any CPU.ActiveCfg = Debug|Any CPU
		{047370A7-0E40-42A9-8D12-FE4DE31A25BF}.Debug|Any CPU.Build.0 = Debug|Any CPU
		{047370A7-0E40-42A9-8D12-FE4DE31A25BF}.Debug|x64.ActiveCfg = Debug|Any CPU
		{047370A7-0E40-42A9-8D12-FE4DE31A25BF}.Debug|x64.Build.0 = Debug|Any CPU
		{047370A7-0E40-42A9-8D12-FE4DE31A25BF}.Debug|x86.ActiveCfg = Debug|Any CPU
		{047370A7-0E40-42A9-8D12-FE4DE31A25BF}.Debug|x86.Build.0 = Debug|Any CPU
		{047370A7-0E40-42A9-8D12-FE4DE31A25BF}.Release|Any CPU.ActiveCfg = Release|Any CPU
		{047370A7-0E40-42A9-8D12-FE4DE31A25BF}.Release|Any CPU.Build.0 = Release|Any CPU
		{047370A7-0E40-42A9-8D12-FE4DE31A25BF}.Release|x64.ActiveCfg = Release|Any CPU
		{047370A7-0E40-42A9-8D12-FE4DE31A25BF}.Release|x64.Build.0 = Release|Any CPU
		{047370A7-0E40-42A9-8D12-FE4DE31A25BF}.Release|x86.ActiveCfg = Release|Any CPU
		{047370A7-0E40-42A9-8D12-FE4DE31A25BF}.Release|x86.Build.0 = Release|Any CPU
	EndGlobalSection
	GlobalSection(SolutionProperties) = preSolution
		HideSolutionNode = FALSE
	EndGlobalSection
	GlobalSection(NestedProjects) = preSolution
		{757A2644-D213-4557-A6D3-3634844B51EB} = {827E0CD3-B72D-47B6-A68D-7590B98EB39B}
		{7CF7F13B-73E2-42CB-8010-F1A22A333777} = {827E0CD3-B72D-47B6-A68D-7590B98EB39B}
		{FC8AC15A-CCE6-468E-8A58-76FE76FC9FA5} = {827E0CD3-B72D-47B6-A68D-7590B98EB39B}
		{F5046EF0-E291-4757-A65E-2ADF843C7D92} = {827E0CD3-B72D-47B6-A68D-7590B98EB39B}
		{4DA2C78E-61B8-4370-86DF-36B1165AD57B} = {827E0CD3-B72D-47B6-A68D-7590B98EB39B}
		{047370A7-0E40-42A9-8D12-FE4DE31A25BF} = {0AB3BF05-4346-4AA6-1389-037BE0695223}
	EndGlobalSection
EndGlobal
